// !$*UTF8*$!
{
	archiveVersion = 1;
	classes = {
	};
	objectVersion = 50;
	objects = {

/* Begin PBXBuildFile section */
		A44C6A5D244BB002005A23E4 /* AppDelegate.swift in Sources */ = {isa = PBXBuildFile; fileRef = A44C6A5C244BB002005A23E4 /* AppDelegate.swift */; };
		A44C6A5F244BB002005A23E4 /* SceneDelegate.swift in Sources */ = {isa = PBXBuildFile; fileRef = A44C6A5E244BB002005A23E4 /* SceneDelegate.swift */; };
		A44C6A62244BB002005A23E4 /* CatPaw.xcdatamodeld in Sources */ = {isa = PBXBuildFile; fileRef = A44C6A60244BB002005A23E4 /* CatPaw.xcdatamodeld */; };
		A44C6A64244BB002005A23E4 /* ContentView.swift in Sources */ = {isa = PBXBuildFile; fileRef = A44C6A63244BB002005A23E4 /* ContentView.swift */; };
		A44C6A66244BB007005A23E4 /* Assets.xcassets in Resources */ = {isa = PBXBuildFile; fileRef = A44C6A65244BB007005A23E4 /* Assets.xcassets */; };
		A44C6A69244BB007005A23E4 /* Preview Assets.xcassets in Resources */ = {isa = PBXBuildFile; fileRef = A44C6A68244BB007005A23E4 /* Preview Assets.xcassets */; };
		A44C6A6C244BB007005A23E4 /* LaunchScreen.storyboard in Resources */ = {isa = PBXBuildFile; fileRef = A44C6A6A244BB007005A23E4 /* LaunchScreen.storyboard */; };
		A44C6A74244BB59F005A23E4 /* PersistentService.swift in Sources */ = {isa = PBXBuildFile; fileRef = A44C6A73244BB59F005A23E4 /* PersistentService.swift */; };
/* End PBXBuildFile section */

/* Begin PBXFileReference section */
		A44C6A59244BB002005A23E4 /* CatPaw.app */ = {isa = PBXFileReference; explicitFileType = wrapper.application; includeInIndex = 0; path = CatPaw.app; sourceTree = BUILT_PRODUCTS_DIR; };
		A44C6A5C244BB002005A23E4 /* AppDelegate.swift */ = {isa = PBXFileReference; lastKnownFileType = sourcecode.swift; path = AppDelegate.swift; sourceTree = "<group>"; };
		A44C6A5E244BB002005A23E4 /* SceneDelegate.swift */ = {isa = PBXFileReference; lastKnownFileType = sourcecode.swift; path = SceneDelegate.swift; sourceTree = "<group>"; };
		A44C6A61244BB002005A23E4 /* CatPaw.xcdatamodel */ = {isa = PBXFileReference; lastKnownFileType = wrapper.xcdatamodel; path = CatPaw.xcdatamodel; sourceTree = "<group>"; };
		A44C6A63244BB002005A23E4 /* ContentView.swift */ = {isa = PBXFileReference; lastKnownFileType = sourcecode.swift; path = ContentView.swift; sourceTree = "<group>"; };
		A44C6A65244BB007005A23E4 /* Assets.xcassets */ = {isa = PBXFileReference; lastKnownFileType = folder.assetcatalog; path = Assets.xcassets; sourceTree = "<group>"; };
		A44C6A68244BB007005A23E4 /* Preview Assets.xcassets */ = {isa = PBXFileReference; lastKnownFileType = folder.assetcatalog; path = "Preview Assets.xcassets"; sourceTree = "<group>"; };
		A44C6A6B244BB007005A23E4 /* Base */ = {isa = PBXFileReference; lastKnownFileType = file.storyboard; name = Base; path = Base.lproj/LaunchScreen.storyboard; sourceTree = "<group>"; };
		A44C6A6D244BB007005A23E4 /* Info.plist */ = {isa = PBXFileReference; lastKnownFileType = text.plist.xml; path = Info.plist; sourceTree = "<group>"; };
		A44C6A73244BB59F005A23E4 /* PersistentService.swift */ = {isa = PBXFileReference; lastKnownFileType = sourcecode.swift; path = PersistentService.swift; sourceTree = "<group>"; };
/* End PBXFileReference section */

/* Begin PBXFrameworksBuildPhase section */
		A44C6A56244BB002005A23E4 /* Frameworks */ = {
			isa = PBXFrameworksBuildPhase;
			buildActionMask = 2147483647;
			files = (
			);
			runOnlyForDeploymentPostprocessing = 0;
		};
/* End PBXFrameworksBuildPhase section */

/* Begin PBXGroup section */
		A44C6A50244BB002005A23E4 = {
			isa = PBXGroup;
			children = (
				A44C6A5B244BB002005A23E4 /* CatPaw */,
				A44C6A5A244BB002005A23E4 /* Products */,
			);
			sourceTree = "<group>";
		};
		A44C6A5A244BB002005A23E4 /* Products */ = {
			isa = PBXGroup;
			children = (
				A44C6A59244BB002005A23E4 /* CatPaw.app */,
			);
			name = Products;
			sourceTree = "<group>";
		};
		A44C6A5B244BB002005A23E4 /* CatPaw */ = {
			isa = PBXGroup;
			children = (
				A44C6A5C244BB002005A23E4 /* AppDelegate.swift */,
				A44C6A5E244BB002005A23E4 /* SceneDelegate.swift */,
				A44C6A63244BB002005A23E4 /* ContentView.swift */,
				A44C6A75244BB5A8005A23E4 /* CoreDara Stuff */,
				A44C6A65244BB007005A23E4 /* Assets.xcassets */,
				A44C6A6A244BB007005A23E4 /* LaunchScreen.storyboard */,
				A44C6A6D244BB007005A23E4 /* Info.plist */,
				A44C6A67244BB007005A23E4 /* Preview Content */,
			);
			path = CatPaw;
			sourceTree = "<group>";
		};
		A44C6A67244BB007005A23E4 /* Preview Content */ = {
			isa = PBXGroup;
			children = (
				A44C6A68244BB007005A23E4 /* Preview Assets.xcassets */,
			);
			path = "Preview Content";
			sourceTree = "<group>";
		};
		A44C6A75244BB5A8005A23E4 /* CoreDara Stuff */ = {
			isa = PBXGroup;
			children = (
				A44C6A73244BB59F005A23E4 /* PersistentService.swift */,
				A44C6A60244BB002005A23E4 /* CatPaw.xcdatamodeld */,
			);
			path = "CoreDara Stuff";
			sourceTree = "<group>";
		};
/* End PBXGroup section */

/* Begin PBXNativeTarget section */
		A44C6A58244BB002005A23E4 /* CatPaw */ = {
			isa = PBXNativeTarget;
			buildConfigurationList = A44C6A70244BB007005A23E4 /* Build configuration list for PBXNativeTarget "CatPaw" */;
			buildPhases = (
				A44C6A55244BB002005A23E4 /* Sources */,
				A44C6A56244BB002005A23E4 /* Frameworks */,
				A44C6A57244BB002005A23E4 /* Resources */,
			);
			buildRules = (
			);
			dependencies = (
			);
			name = CatPaw;
			productName = CatPaw;
			productReference = A44C6A59244BB002005A23E4 /* CatPaw.app */;
			productType = "com.apple.product-type.application";
		};
/* End PBXNativeTarget section */

/* Begin PBXProject section */
		A44C6A51244BB002005A23E4 /* Project object */ = {
			isa = PBXProject;
			attributes = {
				LastSwiftUpdateCheck = 1140;
				LastUpgradeCheck = 1140;
				ORGANIZATIONNAME = "Roman Mishchenko";
				TargetAttributes = {
					A44C6A58244BB002005A23E4 = {
						CreatedOnToolsVersion = 11.4.1;
					};
				};
			};
			buildConfigurationList = A44C6A54244BB002005A23E4 /* Build configuration list for PBXProject "CatPaw" */;
			compatibilityVersion = "Xcode 9.3";
			developmentRegion = en;
			hasScannedForEncodings = 0;
			knownRegions = (
				en,
				Base,
			);
			mainGroup = A44C6A50244BB002005A23E4;
			productRefGroup = A44C6A5A244BB002005A23E4 /* Products */;
			projectDirPath = "";
			projectRoot = "";
			targets = (
				A44C6A58244BB002005A23E4 /* CatPaw */,
			);
		};
/* End PBXProject section */

/* Begin PBXResourcesBuildPhase section */
		A44C6A57244BB002005A23E4 /* Resources */ = {
			isa = PBXResourcesBuildPhase;
			buildActionMask = 2147483647;
			files = (
				A44C6A6C244BB007005A23E4 /* LaunchScreen.storyboard in Resources */,
				A44C6A69244BB007005A23E4 /* Preview Assets.xcassets in Resources */,
				A44C6A66244BB007005A23E4 /* Assets.xcassets in Resources */,
			);
			runOnlyForDeploymentPostprocessing = 0;
		};
/* End PBXResourcesBuildPhase section */

/* Begin PBXSourcesBuildPhase section */
		A44C6A55244BB002005A23E4 /* Sources */ = {
			isa = PBXSourcesBuildPhase;
			buildActionMask = 2147483647;
			files = (
				A44C6A74244BB59F005A23E4 /* PersistentService.swift in Sources */,
				A44C6A5D244BB002005A23E4 /* AppDelegate.swift in Sources */,
				A44C6A5F244BB002005A23E4 /* SceneDelegate.swift in Sources */,
				A44C6A64244BB002005A23E4 /* ContentView.swift in Sources */,
				A44C6A62244BB002005A23E4 /* CatPaw.xcdatamodeld in Sources */,
			);
			runOnlyForDeploymentPostprocessing = 0;
		};
/* End PBXSourcesBuildPhase section */

/* Begin PBXVariantGroup section */
		A44C6A6A244BB007005A23E4 /* LaunchScreen.storyboard */ = {
			isa = PBXVariantGroup;
			children = (
				A44C6A6B244BB007005A23E4 /* Base */,
			);
			name = LaunchScreen.storyboard;
			sourceTree = "<group>";
		};
/* End PBXVariantGroup section */

/* Begin XCBuildConfiguration section */
		A44C6A6E244BB007005A23E4 /* Debug */ = {
			isa = XCBuildConfiguration;
			buildSettings = {
				ALWAYS_SEARCH_USER_PATHS = NO;
				CLANG_ANALYZER_NONNULL = YES;
				CLANG_ANALYZER_NUMBER_OBJECT_CONVERSION = YES_AGGRESSIVE;
				CLANG_CXX_LANGUAGE_STANDARD = "gnu++14";
				CLANG_CXX_LIBRARY = "libc++";
				CLANG_ENABLE_MODULES = YES;
				CLANG_ENABLE_OBJC_ARC = YES;
				CLANG_ENABLE_OBJC_WEAK = YES;
				CLANG_WARN_BLOCK_CAPTURE_AUTORELEASING = YES;
				CLANG_WARN_BOOL_CONVERSION = YES;
				CLANG_WARN_COMMA = YES;
				CLANG_WARN_CONSTANT_CONVERSION = YES;
				CLANG_WARN_DEPRECATED_OBJC_IMPLEMENTATIONS = YES;
				CLANG_WARN_DIRECT_OBJC_ISA_USAGE = YES_ERROR;
				CLANG_WARN_DOCUMENTATION_COMMENTS = YES;
				CLANG_WARN_EMPTY_BODY = YES;
				CLANG_WARN_ENUM_CONVERSION = YES;
				CLANG_WARN_INFINITE_RECURSION = YES;
				CLANG_WARN_INT_CONVERSION = YES;
				CLANG_WARN_NON_LITERAL_NULL_CONVERSION = YES;
				CLANG_WARN_OBJC_IMPLICIT_RETAIN_SELF = YES;
				CLANG_WARN_OBJC_LITERAL_CONVERSION = YES;
				CLANG_WARN_OBJC_ROOT_CLASS = YES_ERROR;
				CLANG_WARN_RANGE_LOOP_ANALYSIS = YES;
				CLANG_WARN_STRICT_PROTOTYPES = YES;
				CLANG_WARN_SUSPICIOUS_MOVE = YES;
				CLANG_WARN_UNGUARDED_AVAILABILITY = YES_AGGRESSIVE;
				CLANG_WARN_UNREACHABLE_CODE = YES;
				CLANG_WARN__DUPLICATE_METHOD_MATCH = YES;
				COPY_PHASE_STRIP = NO;
				DEBUG_INFORMATION_FORMAT = dwarf;
				ENABLE_STRICT_OBJC_MSGSEND = YES;
				ENABLE_TESTABILITY = YES;
				GCC_C_LANGUAGE_STANDARD = gnu11;
				GCC_DYNAMIC_NO_PIC = NO;
				GCC_NO_COMMON_BLOCKS = YES;
				GCC_OPTIMIZATION_LEVEL = 0;
				GCC_PREPROCESSOR_DEFINITIONS = (
					"DEBUG=1",
					"$(inherited)",
				);
				GCC_WARN_64_TO_32_BIT_CONVERSION = YES;
				GCC_WARN_ABOUT_RETURN_TYPE = YES_ERROR;
				GCC_WARN_UNDECLARED_SELECTOR = YES;
				GCC_WARN_UNINITIALIZED_AUTOS = YES_AGGRESSIVE;
				GCC_WARN_UNUSED_FUNCTION = YES;
				GCC_WARN_UNUSED_VARIABLE = YES;
				IPHONEOS_DEPLOYMENT_TARGET = 13.4;
				MTL_ENABLE_DEBUG_INFO = INCLUDE_SOURCE;
				MTL_FAST_MATH = YES;
				ONLY_ACTIVE_ARCH = YES;
				SDKROOT = iphoneos;
				SWIFT_ACTIVE_COMPILATION_CONDITIONS = DEBUG;
				SWIFT_OPTIMIZATION_LEVEL = "-Onone";
			};
			name = Debug;
		};
		A44C6A6F244BB007005A23E4 /* Release */ = {
			isa = XCBuildConfiguration;
			buildSettings = {
				ALWAYS_SEARCH_USER_PATHS = NO;
				CLANG_ANALYZER_NONNULL = YES;
				CLANG_ANALYZER_NUMBER_OBJECT_CONVERSION = YES_AGGRESSIVE;
				CLANG_CXX_LANGUAGE_STANDARD = "gnu++14";
				CLANG_CXX_LIBRARY = "libc++";
				CLANG_ENABLE_MODULES = YES;
				CLANG_ENABLE_OBJC_ARC = YES;
				CLANG_ENABLE_OBJC_WEAK = YES;
				CLANG_WARN_BLOCK_CAPTURE_AUTORELEASING = YES;
				CLANG_WARN_BOOL_CONVERSION = YES;
				CLANG_WARN_COMMA = YES;
				CLANG_WARN_CONSTANT_CONVERSION = YES;
				CLANG_WARN_DEPRECATED_OBJC_IMPLEMENTATIONS = YES;
				CLANG_WARN_DIRECT_OBJC_ISA_USAGE = YES_ERROR;
				CLANG_WARN_DOCUMENTATION_COMMENTS = YES;
				CLANG_WARN_EMPTY_BODY = YES;
				CLANG_WARN_ENUM_CONVERSION = YES;
				CLANG_WARN_INFINITE_RECURSION = YES;
				CLANG_WARN_INT_CONVERSION = YES;
				CLANG_WARN_NON_LITERAL_NULL_CONVERSION = YES;
				CLANG_WARN_OBJC_IMPLICIT_RETAIN_SELF = YES;
				CLANG_WARN_OBJC_LITERAL_CONVERSION = YES;
				CLANG_WARN_OBJC_ROOT_CLASS = YES_ERROR;
				CLANG_WARN_RANGE_LOOP_ANALYSIS = YES;
				CLANG_WARN_STRICT_PROTOTYPES = YES;
				CLANG_WARN_SUSPICIOUS_MOVE = YES;
				CLANG_WARN_UNGUARDED_AVAILABILITY = YES_AGGRESSIVE;
				CLANG_WARN_UNREACHABLE_CODE = YES;
				CLANG_WARN__DUPLICATE_METHOD_MATCH = YES;
				COPY_PHASE_STRIP = NO;
				DEBUG_INFORMATION_FORMAT = "dwarf-with-dsym";
				ENABLE_NS_ASSERTIONS = NO;
				ENABLE_STRICT_OBJC_MSGSEND = YES;
				GCC_C_LANGUAGE_STANDARD = gnu11;
				GCC_NO_COMMON_BLOCKS = YES;
				GCC_WARN_64_TO_32_BIT_CONVERSION = YES;
				GCC_WARN_ABOUT_RETURN_TYPE = YES_ERROR;
				GCC_WARN_UNDECLARED_SELECTOR = YES;
				GCC_WARN_UNINITIALIZED_AUTOS = YES_AGGRESSIVE;
				GCC_WARN_UNUSED_FUNCTION = YES;
				GCC_WARN_UNUSED_VARIABLE = YES;
				IPHONEOS_DEPLOYMENT_TARGET = 13.4;
				MTL_ENABLE_DEBUG_INFO = NO;
				MTL_FAST_MATH = YES;
				SDKROOT = iphoneos;
				SWIFT_COMPILATION_MODE = wholemodule;
				SWIFT_OPTIMIZATION_LEVEL = "-O";
				VALIDATE_PRODUCT = YES;
			};
			name = Release;
		};
		A44C6A71244BB007005A23E4 /* Debug */ = {
			isa = XCBuildConfiguration;
			buildSettings = {
				ASSETCATALOG_COMPILER_APPICON_NAME = AppIcon;
				CODE_SIGN_STYLE = Automatic;
				DEVELOPMENT_ASSET_PATHS = "\"CatPaw/Preview Content\"";
				DEVELOPMENT_TEAM = 2J4MPK85U4;
				ENABLE_PREVIEWS = YES;
				INFOPLIST_FILE = CatPaw/Info.plist;
				LD_RUNPATH_SEARCH_PATHS = (
					"$(inherited)",
					"@executable_path/Frameworks",
				);
				PRODUCT_BUNDLE_IDENTIFIER = CauThon.CatPaw;
				PRODUCT_NAME = "$(TARGET_NAME)";
				SWIFT_VERSION = 5.0;
				TARGETED_DEVICE_FAMILY = "1,2";
			};
			name = Debug;
		};
		A44C6A72244BB007005A23E4 /* Release */ = {
			isa = XCBuildConfiguration;
			buildSettings = {
				ASSETCATALOG_COMPILER_APPICON_NAME = AppIcon;
				CODE_SIGN_STYLE = Automatic;
				DEVELOPMENT_ASSET_PATHS = "\"CatPaw/Preview Content\"";
				DEVELOPMENT_TEAM = 2J4MPK85U4;
				ENABLE_PREVIEWS = YES;
				INFOPLIST_FILE = CatPaw/Info.plist;
				LD_RUNPATH_SEARCH_PATHS = (
					"$(inherited)",
					"@executable_path/Frameworks",
				);
				PRODUCT_BUNDLE_IDENTIFIER = CauThon.CatPaw;
				PRODUCT_NAME = "$(TARGET_NAME)";
				SWIFT_VERSION = 5.0;
				TARGETED_DEVICE_FAMILY = "1,2";
			};
			name = Release;
		};
/* End XCBuildConfiguration section */

/* Begin XCConfigurationList section */
		A44C6A54244BB002005A23E4 /* Build configuration list for PBXProject "CatPaw" */ = {
			isa = XCConfigurationList;
			buildConfigurations = (
				A44C6A6E244BB007005A23E4 /* Debug */,
				A44C6A6F244BB007005A23E4 /* Release */,
			);
			defaultConfigurationIsVisible = 0;
			defaultConfigurationName = Release;
		};
		A44C6A70244BB007005A23E4 /* Build configuration list for PBXNativeTarget "CatPaw" */ = {
			isa = XCConfigurationList;
			buildConfigurations = (
				A44C6A71244BB007005A23E4 /* Debug */,
				A44C6A72244BB007005A23E4 /* Release */,
			);
			defaultConfigurationIsVisible = 0;
			defaultConfigurationName = Release;
		};
/* End XCConfigurationList section */

/* Begin XCVersionGroup section */
		A44C6A60244BB002005A23E4 /* CatPaw.xcdatamodeld */ = {
			isa = XCVersionGroup;
			children = (
				A44C6A61244BB002005A23E4 /* CatPaw.xcdatamodel */,
			);
			currentVersion = A44C6A61244BB002005A23E4 /* CatPaw.xcdatamodel */;
			path = CatPaw.xcdatamodeld;
			sourceTree = "<group>";
			versionGroupType = wrapper.xcdatamodel;
		};
/* End XCVersionGroup section */
	};
	rootObject = A44C6A51244BB002005A23E4 /* Project object */;
}
